github.com/google/uuid v1.5.0 h1:1p67kYwdtXjb0gL0BPiP1Av9wiZPo5A8z2cWkTZ+eyU=
github.com/google/uuid v1.5.0/go.mod h1:TIyPZe4MgqvfeYDBFedMoGGpEw/LqOeaOT+nhxU+yHo=
github.com/irgendwr/dsb-go v0.0.0-20191104002641-a7411a7efeef h1:amtMxt/6nCzhCHSylhL5lU29DpN0E1TsFyaUJFhFdgg=
github.com/irgendwr/dsb-go v0.0.0-20191104002641-a7411a7efeef/go.mod h1:75TfGdXVq4SS9UIucRgIAhGRX5Pw8OYQjSL15qJjykg=
github.com/ozankasikci/go-image-merge v0.2.2 h1:K370BLLTIsamwjAeViiPntf7GiG3h9pXzDmxXCbN8/0=
github.com/ozankasikci/go-image-merge v0.2.2/go.mod h1:NQ2aN0b21buFx3p+5x4dZrKuPSLh2uBukK7F30BrYTo=
github.com/pkg/errors v0.9.1 h1:FEBLx1zS214owpjy7qsBeixbURkuhQAwrK5UwLGTwt4=
github.com/pkg/errors v0.9.1/go.mod h1:bwawxfHBFNV+L2hUp1rHADufV3IMtnDRdf1r5NINEl0=
